
Microsoft Visual Studio Solution File, Format Version 12.00
# Visual Studio Version 17
VisualStudioVersion = 17.8.34316.72
MinimumVisualStudioVersion = 10.0.40219.1
Project("{FAE04EC0-301F-11D3-BF4B-00C04F79EFBC}") = "ToDo", "ToDo\ToDo.csproj", "{73E4F744-28E1-4BDB-BD31-C08448412FBD}"
EndProject
Global
	GlobalSection(SolutionConfigurationPlatforms) = preSolution
		Debug|Any CPU = Debug|Any CPU
		Release|Any CPU = Release|Any CPU
	EndGlobalSection
	GlobalSection(ProjectConfigurationPlatforms) = postSolution
		{73E4F744-28E1-4BDB-BD31-C08448412FBD}.Debug|Any CPU.ActiveCfg = Debug|Any CPU
		{73E4F744-28E1-4BDB-BD31-C08448412FBD}.Debug|Any CPU.Build.0 = Debug|Any CPU
		{73E4F744-28E1-4BDB-BD31-C08448412FBD}.Release|Any CPU.ActiveCfg = Release|Any CPU
		{73E4F744-28E1-4BDB-BD31-C08448412FBD}.Release|Any CPU.Build.0 = Release|Any CPU
	EndGlobalSection
	GlobalSection(SolutionProperties) = preSolution
		HideSolutionNode = FALSE
	EndGlobalSection
	GlobalSection(ExtensibilityGlobals) = postSolution
		SolutionGuid = {7D560BD4-D6A5-4955-B6E9-1B20DCE1316F}
	EndGlobalSection
EndGlobal
